{
  "version": 4,
  "terraform_version": "0.14.7",
  "serial": 680,
  "lineage": "7eee27a8-e726-cbe7-15b9-e5dffd7186b4",
  "outputs": {
    "config_map_aws_auth": {
      "value": "apiVersion: v1\r\nkind: ConfigMap\r\nmetadata:\r\n  name: aws-auth\r\n  namespace: kube-system\r\ndata:\r\n  mapRoles: |\r\n    - rolearn: arn:aws:iam::412092862769:role/terraform-eks-demo-node\r\n      username: system:node:{{EC2PrivateDNSName}}\r\n      groups:\r\n        - system:bootstrappers\r\n        - system:nodes\r\n",
      "type": "string"
    },
    "kubeconfig": {
      "value": "apiVersion: v1\r\nclusters:\r\n- cluster:\r\n    server: https://8E03A2F66F3D3232015736E438C7B99E.yl4.eu-west-2.eks.amazonaws.com\r\n    certificate-authority-data: LS0tLS1CRUdJTiBDRVJUSUZJQ0FURS0tLS0tCk1JSUN5RENDQWJDZ0F3SUJBZ0lCQURBTkJna3Foa2lHOXcwQkFRc0ZBREFWTVJNd0VRWURWUVFERXdwcmRXSmwKY201bGRHVnpNQjRYRFRJeE1ETXpNREUyTkRVeE9Wb1hEVE14TURNeU9ERTJORFV4T1Zvd0ZURVRNQkVHQTFVRQpBeE1LYTNWaVpYSnVaWFJsY3pDQ0FTSXdEUVlKS29aSWh2Y05BUUVCQlFBRGdnRVBBRENDQVFvQ2dnRUJBTHdnCjhJM0xhWEZOYm03NEVjakg5WXFLNGdaVTFtbEpkYmtoYUp6RGJ1UDdXNzFka0lGTlR0R3d1d3lZOGtQZXNzdGsKditmSldrZVloazlGdkppRnpRNG5UdkJ6QWxnRDlRZzNTUjZZc3JrbFppU2ZSc0Mrc0Y3QmJ6RHJkWWtBWnNvagpqdnpYUzVDdStsY3R3dWpCVWt4OXdTczZPVkE1SVhqTXJCcmVvQUNaV0pMcHBBK3NuSmFMMlU3d1pUUUNFVzNpCk9BN0M2aVRzUTdBRlQ0R3JoZUp5UVZqNGV6aUJ2NFJleXNlRlF1eHpaakdZa0VZVlBMUTI2ZjVuL1Y4bFdIcGUKZXZaVUw0WlJaUDUzSWhvV2lvcUJQZE1JUUUwR1g2a2hnT0tFVHd6a2hSNXVzL2RIcklnSENFNkQwRXE4NjRGUwpVeHk4QkYxWGZwR2xCMUdGMjRzQ0F3RUFBYU1qTUNFd0RnWURWUjBQQVFIL0JBUURBZ0trTUE4R0ExVWRFd0VCCi93UUZNQU1CQWY4d0RRWUpLb1pJaHZjTkFRRUxCUUFEZ2dFQkFIUlRtcTlrVnJvOTlxRk96NG95enhPeElodDcKc091NXFNMWFpTnNnVjhwcUtoN3VjdjFrNkEwUUZqeHhacm5zeWorWlgzOWQyVmtCdXlUbVdDSkJ6bG15a3pubApOZUJEaVdESXhvTjJDNjVHYTRiRzdkSmFLS2pkdTFpTzFEWlBMaHU1eU9jTkx4V0M0cExudlJsaE5qaVV3REdECjB2RGlBOG5HakZhT2dFd2s3T1ZrakFhem1kdUhFMlZ6Z2RTbXE3bVFhSzRhQ1FaZkhTQ1pnRHRvMTBaY2pHMVAKTzgreXFCVFkraXBoeVhNS3NVRks2Nnk3MlJsQXl3WFZNZU5CMHB2N0Z0c2tkZ0ZXUVpnWDk0NDY2RUdrNEVsRAp2WS9hamVROWpwdTBOeUNTT1BxekhVUWdVNTNZd2g3RDZ2YmlhWHdkY2svSW9NTVV1WkVqRldncmJOZz0KLS0tLS1FTkQgQ0VSVElGSUNBVEUtLS0tLQo=\r\n  name: kubernetes\r\ncontexts:\r\n- context:\r\n    cluster: kubernetes\r\n    user: aws\r\n  name: aws\r\ncurrent-context: aws\r\nkind: Config\r\npreferences: {}\r\nusers:\r\n- name: aws\r\n  user:\r\n    exec:\r\n      apiVersion: client.authentication.k8s.io/v1alpha1\r\n      command: aws-iam-authenticator\r\n      args:\r\n        - \"token\"\r\n        - \"-i\"\r\n        - \"terraform-eks-demo\"\r\n",
      "type": "string"
    }
  },
  "resources": [
    {
      "mode": "data",
      "type": "aws_ami",
      "name": "eks-worker",
      "provider": "provider[\"registry.terraform.io/hashicorp/aws\"]",
      "instances": [
        {
          "schema_version": 0,
          "attributes": {
            "architecture": "x86_64",
            "arn": "arn:aws:ec2:eu-west-2::image/ami-04d6eff0a1a3c6001",
            "block_device_mappings": [
              {
                "device_name": "/dev/xvda",
                "ebs": {
                  "delete_on_termination": "true",
                  "encrypted": "false",
                  "iops": "0",
                  "snapshot_id": "snap-00691c3a5d6298264",
                  "throughput": "0",
                  "volume_size": "20",
                  "volume_type": "gp2"
                },
                "no_device": "",
                "virtual_name": ""
              }
            ],
            "creation_date": "2021-03-23T20:52:41.000Z",
            "description": "EKS Kubernetes Worker AMI with AmazonLinux2 image, (k8s: 1.18.9, docker: 19.03.13ce-1.amzn2, containerd: 1.4.1-2.amzn2)",
            "ena_support": true,
            "executable_users": null,
            "filter": [
              {
                "name": "name",
                "values": [
                  "amazon-eks-node-1.18-v*"
                ]
              }
            ],
            "hypervisor": "xen",
            "id": "ami-04d6eff0a1a3c6001",
            "image_id": "ami-04d6eff0a1a3c6001",
            "image_location": "amazon/amazon-eks-node-1.18-v20210322",
            "image_owner_alias": "amazon",
            "image_type": "machine",
            "kernel_id": null,
            "most_recent": true,
            "name": "amazon-eks-node-1.18-v20210322",
            "name_regex": null,
            "owner_id": "602401143452",
            "owners": [
              "602401143452"
            ],
            "platform": null,
            "platform_details": "Linux/UNIX",
            "product_codes": [],
            "public": true,
            "ramdisk_id": null,
            "root_device_name": "/dev/xvda",
            "root_device_type": "ebs",
            "root_snapshot_id": "snap-00691c3a5d6298264",
            "sriov_net_support": "simple",
            "state": "available",
            "state_reason": {
              "code": "UNSET",
              "message": "UNSET"
            },
            "tags": {},
            "usage_operation": "RunInstances",
            "virtualization_type": "hvm"
          },
          "sensitive_attributes": []
        }
      ]
    },
    {
      "mode": "data",
      "type": "aws_availability_zones",
      "name": "available",
      "provider": "provider[\"registry.terraform.io/hashicorp/aws\"]",
      "instances": [
        {
          "schema_version": 0,
          "attributes": {
            "all_availability_zones": null,
            "exclude_names": null,
            "exclude_zone_ids": null,
            "filter": null,
            "group_names": [
              "eu-west-2"
            ],
            "id": "eu-west-2",
            "names": [
              "eu-west-2a",
              "eu-west-2b",
              "eu-west-2c"
            ],
            "state": null,
            "zone_ids": [
              "euw2-az2",
              "euw2-az3",
              "euw2-az1"
            ]
          },
          "sensitive_attributes": []
        }
      ]
    },
    {
      "mode": "data",
      "type": "aws_region",
      "name": "current",
      "provider": "provider[\"registry.terraform.io/hashicorp/aws\"]",
      "instances": [
        {
          "schema_version": 0,
          "attributes": {
            "description": "Europe (London)",
            "endpoint": "ec2.eu-west-2.amazonaws.com",
            "id": "eu-west-2",
            "name": "eu-west-2"
          },
          "sensitive_attributes": []
        }
      ]
    },
    {
      "mode": "data",
      "type": "http",
      "name": "workstation-external-ip",
      "provider": "provider[\"registry.terraform.io/hashicorp/http\"]",
      "instances": [
        {
          "schema_version": 0,
          "attributes": {
            "body": "194.44.36.148\n",
            "id": "http://ipv4.icanhazip.com",
            "request_headers": null,
            "response_headers": {
              "Access-Control-Allow-Methods": "GET",
              "Access-Control-Allow-Origin": "*",
              "Cf-Ray": "6382c4dd8c60d60c-MXP",
              "Cf-Request-Id": "0925995e750000d60c2c1cb000000001",
              "Connection": "keep-alive",
              "Content-Length": "14",
              "Content-Type": "text/plain",
              "Date": "Tue, 30 Mar 2021 16:38:33 GMT",
              "Nel": "{\"report_to\":\"cf-nel\",\"max_age\":604800}",
              "Report-To": "{\"max_age\":604800,\"group\":\"cf-nel\",\"endpoints\":[{\"url\":\"https:\\/\\/a.nel.cloudflare.com\\/report?s=TzLpCbKMAarh0HvnVUqv7WJPOIAodan4bPtg5d1ZydXvg%2Bmtwe0ZyVOmxDK4iUBJuxDx4lBG%2FFs7AC%2FtkMExqXpmqv2vEWUKrDPODIBNi7HTGpY%3D\"}]}",
              "Server": "cloudflare",
              "Set-Cookie": "__cfduid=dfe6ffcea33ceb64a50aaf476c3f3397d1617122313; expires=Thu, 29-Apr-21 16:38:33 GMT; path=/; domain=.ipv4.icanhazip.com; HttpOnly; SameSite=Lax",
              "Vary": "Accept-Encoding",
              "X-Otter": "🦦",
              "X-Rtfm": "Learn about this site at http://bit.ly/icanhazip-faq",
              "X-Thank-You": "Many thanks to the fine people at Cloudflare for keeping this site afloat!"
            },
            "url": "http://ipv4.icanhazip.com"
          },
          "sensitive_attributes": []
        }
      ]
    },
    {
      "mode": "managed",
      "type": "aws_autoscaling_group",
      "name": "demo",
      "provider": "provider[\"registry.terraform.io/hashicorp/aws\"]",
      "instances": [
        {
          "schema_version": 0,
          "attributes": {
            "arn": "arn:aws:autoscaling:eu-west-2:412092862769:autoScalingGroup:75f986c5-679e-42cc-b51a-60a3eab23685:autoScalingGroupName/terraform-eks-demo",
            "availability_zones": [
              "eu-west-2a",
              "eu-west-2b"
            ],
            "capacity_rebalance": false,
            "default_cooldown": 300,
            "desired_capacity": 2,
            "enabled_metrics": null,
            "force_delete": false,
            "health_check_grace_period": 300,
            "health_check_type": "EC2",
            "id": "terraform-eks-demo",
            "initial_lifecycle_hook": [],
            "instance_refresh": [],
            "launch_configuration": "terraform-eks-demo20210330164819262700000006",
            "launch_template": [],
            "load_balancers": null,
            "max_instance_lifetime": 0,
            "max_size": 2,
            "metrics_granularity": "1Minute",
            "min_elb_capacity": null,
            "min_size": 1,
            "mixed_instances_policy": [],
            "name": "terraform-eks-demo",
            "name_prefix": null,
            "placement_group": "",
            "protect_from_scale_in": false,
            "service_linked_role_arn": "arn:aws:iam::412092862769:role/aws-service-role/autoscaling.amazonaws.com/AWSServiceRoleForAutoScaling",
            "suspended_processes": null,
            "tag": [
              {
                "key": "Name",
                "propagate_at_launch": true,
                "value": "terraform-eks-demo"
              },
              {
                "key": "kubernetes.io/cluster/terraform-eks-demo",
                "propagate_at_launch": true,
                "value": "owned"
              }
            ],
            "tags": null,
            "target_group_arns": null,
            "termination_policies": null,
            "timeouts": null,
            "vpc_zone_identifier": [
              "subnet-015a5d0c0ccef6265",
              "subnet-03ef634c78cbe3ab8"
            ],
            "wait_for_capacity_timeout": "10m",
            "wait_for_elb_capacity": null
          },
          "sensitive_attributes": [],
          "private": "eyJlMmJmYjczMC1lY2FhLTExZTYtOGY4OC0zNDM2M2JjN2M0YzAiOnsiZGVsZXRlIjo2MDAwMDAwMDAwMDB9fQ==",
          "dependencies": [
            "aws_eks_cluster.demo",
            "aws_iam_instance_profile.demo-node",
            "aws_iam_role.demo-cluster",
            "aws_iam_role.demo-node",
            "aws_iam_role_policy_attachment.demo-cluster-AmazonEKSClusterPolicy",
            "aws_iam_role_policy_attachment.demo-cluster-AmazonEKSVPCResourceController",
            "aws_launch_configuration.demo",
            "aws_security_group.demo-cluster",
            "aws_security_group.demo-node",
            "aws_subnet.demo",
            "aws_vpc.demo",
            "data.aws_ami.eks-worker",
            "data.aws_availability_zones.available"
          ]
        }
      ]
    },
    {
      "mode": "managed",
      "type": "aws_eks_cluster",
      "name": "demo",
      "provider": "provider[\"registry.terraform.io/hashicorp/aws\"]",
      "instances": [
        {
          "schema_version": 0,
          "attributes": {
            "arn": "arn:aws:eks:eu-west-2:412092862769:cluster/terraform-eks-demo",
            "certificate_authority": [
              {
                "data": "LS0tLS1CRUdJTiBDRVJUSUZJQ0FURS0tLS0tCk1JSUN5RENDQWJDZ0F3SUJBZ0lCQURBTkJna3Foa2lHOXcwQkFRc0ZBREFWTVJNd0VRWURWUVFERXdwcmRXSmwKY201bGRHVnpNQjRYRFRJeE1ETXpNREUyTkRVeE9Wb1hEVE14TURNeU9ERTJORFV4T1Zvd0ZURVRNQkVHQTFVRQpBeE1LYTNWaVpYSnVaWFJsY3pDQ0FTSXdEUVlKS29aSWh2Y05BUUVCQlFBRGdnRVBBRENDQVFvQ2dnRUJBTHdnCjhJM0xhWEZOYm03NEVjakg5WXFLNGdaVTFtbEpkYmtoYUp6RGJ1UDdXNzFka0lGTlR0R3d1d3lZOGtQZXNzdGsKditmSldrZVloazlGdkppRnpRNG5UdkJ6QWxnRDlRZzNTUjZZc3JrbFppU2ZSc0Mrc0Y3QmJ6RHJkWWtBWnNvagpqdnpYUzVDdStsY3R3dWpCVWt4OXdTczZPVkE1SVhqTXJCcmVvQUNaV0pMcHBBK3NuSmFMMlU3d1pUUUNFVzNpCk9BN0M2aVRzUTdBRlQ0R3JoZUp5UVZqNGV6aUJ2NFJleXNlRlF1eHpaakdZa0VZVlBMUTI2ZjVuL1Y4bFdIcGUKZXZaVUw0WlJaUDUzSWhvV2lvcUJQZE1JUUUwR1g2a2hnT0tFVHd6a2hSNXVzL2RIcklnSENFNkQwRXE4NjRGUwpVeHk4QkYxWGZwR2xCMUdGMjRzQ0F3RUFBYU1qTUNFd0RnWURWUjBQQVFIL0JBUURBZ0trTUE4R0ExVWRFd0VCCi93UUZNQU1CQWY4d0RRWUpLb1pJaHZjTkFRRUxCUUFEZ2dFQkFIUlRtcTlrVnJvOTlxRk96NG95enhPeElodDcKc091NXFNMWFpTnNnVjhwcUtoN3VjdjFrNkEwUUZqeHhacm5zeWorWlgzOWQyVmtCdXlUbVdDSkJ6bG15a3pubApOZUJEaVdESXhvTjJDNjVHYTRiRzdkSmFLS2pkdTFpTzFEWlBMaHU1eU9jTkx4V0M0cExudlJsaE5qaVV3REdECjB2RGlBOG5HakZhT2dFd2s3T1ZrakFhem1kdUhFMlZ6Z2RTbXE3bVFhSzRhQ1FaZkhTQ1pnRHRvMTBaY2pHMVAKTzgreXFCVFkraXBoeVhNS3NVRks2Nnk3MlJsQXl3WFZNZU5CMHB2N0Z0c2tkZ0ZXUVpnWDk0NDY2RUdrNEVsRAp2WS9hamVROWpwdTBOeUNTT1BxekhVUWdVNTNZd2g3RDZ2YmlhWHdkY2svSW9NTVV1WkVqRldncmJOZz0KLS0tLS1FTkQgQ0VSVElGSUNBVEUtLS0tLQo="
              }
            ],
            "created_at": "2021-03-30 16:39:49.711 +0000 UTC",
            "enabled_cluster_log_types": null,
            "encryption_config": [],
            "endpoint": "https://8E03A2F66F3D3232015736E438C7B99E.yl4.eu-west-2.eks.amazonaws.com",
            "id": "terraform-eks-demo",
            "identity": [
              {
                "oidc": [
                  {
                    "issuer": "https://oidc.eks.eu-west-2.amazonaws.com/id/8E03A2F66F3D3232015736E438C7B99E"
                  }
                ]
              }
            ],
            "kubernetes_network_config": [
              {
                "service_ipv4_cidr": "172.20.0.0/16"
              }
            ],
            "name": "terraform-eks-demo",
            "platform_version": "eks.4",
            "role_arn": "arn:aws:iam::412092862769:role/terraform-eks-demo-cluster",
            "status": "ACTIVE",
            "tags": null,
            "timeouts": null,
            "version": "1.18",
            "vpc_config": [
              {
                "cluster_security_group_id": "sg-00a4414bd6573b438",
                "endpoint_private_access": false,
                "endpoint_public_access": true,
                "public_access_cidrs": [
                  "0.0.0.0/0"
                ],
                "security_group_ids": [
                  "sg-0ec2923b659988583"
                ],
                "subnet_ids": [
                  "subnet-015a5d0c0ccef6265",
                  "subnet-03ef634c78cbe3ab8"
                ],
                "vpc_id": "vpc-09e8d3c88f7fd7a59"
              }
            ]
          },
          "sensitive_attributes": [],
          "private": "eyJlMmJmYjczMC1lY2FhLTExZTYtOGY4OC0zNDM2M2JjN2M0YzAiOnsiY3JlYXRlIjoxODAwMDAwMDAwMDAwLCJkZWxldGUiOjkwMDAwMDAwMDAwMCwidXBkYXRlIjozNjAwMDAwMDAwMDAwfX0=",
          "dependencies": [
            "aws_iam_role.demo-cluster",
            "aws_iam_role_policy_attachment.demo-cluster-AmazonEKSClusterPolicy",
            "aws_iam_role_policy_attachment.demo-cluster-AmazonEKSVPCResourceController",
            "aws_security_group.demo-cluster",
            "aws_subnet.demo",
            "aws_vpc.demo",
            "data.aws_availability_zones.available"
          ],
          "create_before_destroy": true
        }
      ]
    },
    {
      "mode": "managed",
      "type": "aws_iam_instance_profile",
      "name": "demo-node",
      "provider": "provider[\"registry.terraform.io/hashicorp/aws\"]",
      "instances": [
        {
          "schema_version": 0,
          "attributes": {
            "arn": "arn:aws:iam::412092862769:instance-profile/terraform-eks-demo",
            "create_date": "2021-03-30T16:39:37Z",
            "id": "terraform-eks-demo",
            "name": "terraform-eks-demo",
            "name_prefix": null,
            "path": "/",
            "role": "terraform-eks-demo-node",
            "unique_id": "AIPAV74VGCEY7GHXH4RDY"
          },
          "sensitive_attributes": [],
          "private": "bnVsbA==",
          "dependencies": [
            "aws_iam_role.demo-node"
          ],
          "create_before_destroy": true
        }
      ]
    },
    {
      "mode": "managed",
      "type": "aws_iam_role",
      "name": "demo-cluster",
      "provider": "provider[\"registry.terraform.io/hashicorp/aws\"]",
      "instances": [
        {
          "schema_version": 0,
          "attributes": {
            "arn": "arn:aws:iam::412092862769:role/terraform-eks-demo-cluster",
            "assume_role_policy": "{\"Version\":\"2012-10-17\",\"Statement\":[{\"Effect\":\"Allow\",\"Principal\":{\"Service\":\"eks.amazonaws.com\"},\"Action\":\"sts:AssumeRole\"}]}",
            "create_date": "2021-03-30T16:39:34Z",
            "description": "",
            "force_detach_policies": false,
            "id": "terraform-eks-demo-cluster",
            "inline_policy": [
              {
                "name": "",
                "policy": ""
              }
            ],
            "managed_policy_arns": [],
            "max_session_duration": 3600,
            "name": "terraform-eks-demo-cluster",
            "name_prefix": null,
            "path": "/",
            "permissions_boundary": null,
            "tags": null,
            "unique_id": "AROAV74VGCEYWFPBFPDKG"
          },
          "sensitive_attributes": [],
          "private": "bnVsbA==",
          "create_before_destroy": true
        }
      ]
    },
    {
      "mode": "managed",
      "type": "aws_iam_role",
      "name": "demo-node",
      "provider": "provider[\"registry.terraform.io/hashicorp/aws\"]",
      "instances": [
        {
          "schema_version": 0,
          "attributes": {
            "arn": "arn:aws:iam::412092862769:role/terraform-eks-demo-node",
            "assume_role_policy": "{\"Version\":\"2012-10-17\",\"Statement\":[{\"Effect\":\"Allow\",\"Principal\":{\"Service\":\"ec2.amazonaws.com\"},\"Action\":\"sts:AssumeRole\"}]}",
            "create_date": "2021-03-30T16:39:34Z",
            "description": "",
            "force_detach_policies": false,
            "id": "terraform-eks-demo-node",
            "inline_policy": [
              {
                "name": "",
                "policy": ""
              }
            ],
            "managed_policy_arns": [],
            "max_session_duration": 3600,
            "name": "terraform-eks-demo-node",
            "name_prefix": null,
            "path": "/",
            "permissions_boundary": null,
            "tags": null,
            "unique_id": "AROAV74VGCEY6JJLF6WTW"
          },
          "sensitive_attributes": [],
          "private": "bnVsbA==",
          "create_before_destroy": true
        }
      ]
    },
    {
      "mode": "managed",
      "type": "aws_iam_role_policy_attachment",
      "name": "demo-cluster-AmazonEKSClusterPolicy",
      "provider": "provider[\"registry.terraform.io/hashicorp/aws\"]",
      "instances": [
        {
          "schema_version": 0,
          "attributes": {
            "id": "terraform-eks-demo-cluster-20210330163937727800000002",
            "policy_arn": "arn:aws:iam::aws:policy/AmazonEKSClusterPolicy",
            "role": "terraform-eks-demo-cluster"
          },
          "sensitive_attributes": [],
          "private": "bnVsbA==",
          "dependencies": [
            "aws_iam_role.demo-cluster"
          ],
          "create_before_destroy": true
        }
      ]
    },
    {
      "mode": "managed",
      "type": "aws_iam_role_policy_attachment",
      "name": "demo-cluster-AmazonEKSVPCResourceController",
      "provider": "provider[\"registry.terraform.io/hashicorp/aws\"]",
      "instances": [
        {
          "schema_version": 0,
          "attributes": {
            "id": "terraform-eks-demo-cluster-20210330163937711600000001",
            "policy_arn": "arn:aws:iam::aws:policy/AmazonEKSVPCResourceController",
            "role": "terraform-eks-demo-cluster"
          },
          "sensitive_attributes": [],
          "private": "bnVsbA==",
          "dependencies": [
            "aws_iam_role.demo-cluster"
          ],
          "create_before_destroy": true
        }
      ]
    },
    {
      "mode": "managed",
      "type": "aws_iam_role_policy_attachment",
      "name": "demo-node-AmazonEC2ContainerRegistryReadOnly",
      "provider": "provider[\"registry.terraform.io/hashicorp/aws\"]",
      "instances": [
        {
          "schema_version": 0,
          "attributes": {
            "id": "terraform-eks-demo-node-20210330163939211900000005",
            "policy_arn": "arn:aws:iam::aws:policy/AmazonEC2ContainerRegistryReadOnly",
            "role": "terraform-eks-demo-node"
          },
          "sensitive_attributes": [],
          "private": "bnVsbA==",
          "dependencies": [
            "aws_iam_role.demo-node"
          ]
        }
      ]
    },
    {
      "mode": "managed",
      "type": "aws_iam_role_policy_attachment",
      "name": "demo-node-AmazonEKSWorkerNodePolicy",
      "provider": "provider[\"registry.terraform.io/hashicorp/aws\"]",
      "instances": [
        {
          "schema_version": 0,
          "attributes": {
            "id": "terraform-eks-demo-node-20210330163937744200000003",
            "policy_arn": "arn:aws:iam::aws:policy/AmazonEKSWorkerNodePolicy",
            "role": "terraform-eks-demo-node"
          },
          "sensitive_attributes": [],
          "private": "bnVsbA==",
          "dependencies": [
            "aws_iam_role.demo-node"
          ]
        }
      ]
    },
    {
      "mode": "managed",
      "type": "aws_iam_role_policy_attachment",
      "name": "demo-node-AmazonEKS_CNI_Policy",
      "provider": "provider[\"registry.terraform.io/hashicorp/aws\"]",
      "instances": [
        {
          "schema_version": 0,
          "attributes": {
            "id": "terraform-eks-demo-node-20210330163937748400000004",
            "policy_arn": "arn:aws:iam::aws:policy/AmazonEKS_CNI_Policy",
            "role": "terraform-eks-demo-node"
          },
          "sensitive_attributes": [],
          "private": "bnVsbA==",
          "dependencies": [
            "aws_iam_role.demo-node"
          ]
        }
      ]
    },
    {
      "mode": "managed",
      "type": "aws_internet_gateway",
      "name": "demo",
      "provider": "provider[\"registry.terraform.io/hashicorp/aws\"]",
      "instances": [
        {
          "schema_version": 0,
          "attributes": {
            "arn": "arn:aws:ec2:eu-west-2:412092862769:internet-gateway/igw-05be889888911be3a",
            "id": "igw-05be889888911be3a",
            "owner_id": "412092862769",
            "tags": {
              "Name": "terraform-eks-demo"
            },
            "vpc_id": "vpc-09e8d3c88f7fd7a59"
          },
          "sensitive_attributes": [],
          "private": "bnVsbA==",
          "dependencies": [
            "aws_vpc.demo"
          ]
        }
      ]
    },
    {
      "mode": "managed",
      "type": "aws_launch_configuration",
      "name": "demo",
      "provider": "provider[\"registry.terraform.io/hashicorp/aws\"]",
      "instances": [
        {
          "schema_version": 0,
          "attributes": {
            "arn": "arn:aws:autoscaling:eu-west-2:412092862769:launchConfiguration:0f13689f-d1bd-4189-82eb-d5e0f2bf59c6:launchConfigurationName/terraform-eks-demo20210330164819262700000006",
            "associate_public_ip_address": true,
            "ebs_block_device": [],
            "ebs_optimized": false,
            "enable_monitoring": true,
            "ephemeral_block_device": [],
            "iam_instance_profile": "terraform-eks-demo",
            "id": "terraform-eks-demo20210330164819262700000006",
            "image_id": "ami-04d6eff0a1a3c6001",
            "instance_type": "t2.micro",
            "key_name": "",
            "metadata_options": [],
            "name": "terraform-eks-demo20210330164819262700000006",
            "name_prefix": "terraform-eks-demo",
            "placement_tenancy": null,
            "root_block_device": [],
            "security_groups": [
              "sg-006c65a17652ad787"
            ],
            "spot_price": "",
            "user_data": null,
            "user_data_base64": "IyEvYmluL2Jhc2gNCnNldCAtbyB4dHJhY2UNCi9ldGMvZWtzL2Jvb3RzdHJhcC5zaCAtLWFwaXNlcnZlci1lbmRwb2ludCAnaHR0cHM6Ly84RTAzQTJGNjZGM0QzMjMyMDE1NzM2RTQzOEM3Qjk5RS55bDQuZXUtd2VzdC0yLmVrcy5hbWF6b25hd3MuY29tJyAtLWI2NC1jbHVzdGVyLWNhICdMUzB0TFMxQ1JVZEpUaUJEUlZKVVNVWkpRMEZVUlMwdExTMHRDazFKU1VONVJFTkRRV0pEWjBGM1NVSkJaMGxDUVVSQlRrSm5hM0ZvYTJsSE9YY3dRa0ZSYzBaQlJFRldUVkpOZDBWUldVUldVVkZFUlhkd2NtUlhTbXdLWTIwMWJHUkhWbnBOUWpSWVJGUkplRTFFVFhwTlJFVXlUa1JWZUU5V2IxaEVWRTE0VFVSTmVVOUVSVEpPUkZWNFQxWnZkMFpVUlZSTlFrVkhRVEZWUlFwQmVFMUxZVE5XYVZwWVNuVmFXRkpzWTNwRFEwRlRTWGRFVVZsS1MyOWFTV2gyWTA1QlVVVkNRbEZCUkdkblJWQkJSRU5EUVZGdlEyZG5SVUpCVEhkbkNqaEpNMHhoV0VaT1ltMDNORVZqYWtnNVdYRkxOR2RhVlRGdGJFcGtZbXRvWVVwNlJHSjFVRGRYTnpGa2EwbEdUbFIwUjNkMWQzbFpPR3RRWlhOemRHc0tkaXRtU2xkclpWbG9hemxHZGtwcFJucFJORzVVZGtKNlFXeG5SRGxSWnpOVFVqWlpjM0pyYkZwcFUyWlNjME1yYzBZM1FtSjZSSEprV1d0QlduTnZhZ3BxZG5wWVV6VkRkU3RzWTNSM2RXcENWV3Q0T1hkVGN6WlBWa0UxU1ZocVRYSkNjbVZ2UVVOYVYwcE1jSEJCSzNOdVNtRk1NbFUzZDFwVVVVTkZWek5wQ2s5Qk4wTTJhVlJ6VVRkQlJsUTBSM0pvWlVwNVVWWnFOR1Y2YVVKMk5GSmxlWE5sUmxGMWVIcGFha2RaYTBWWlZsQk1VVEkyWmpWdUwxWTRiRmRJY0dVS1pYWmFWVXcwV2xKYVVEVXpTV2h2VjJsdmNVSlFaRTFKVVVVd1IxZzJhMmhuVDB0RlZIZDZhMmhTTlhWekwyUklja2xuU0VORk5rUXdSWEU0TmpSR1V3cFZlSGs0UWtZeFdHWndSMnhDTVVkR01qUnpRMEYzUlVGQllVMXFUVU5GZDBSbldVUldVakJRUVZGSUwwSkJVVVJCWjB0clRVRTRSMEV4VldSRmQwVkNDaTkzVVVaTlFVMUNRV1k0ZDBSUldVcExiMXBKYUhaalRrRlJSVXhDVVVGRVoyZEZRa0ZJVWxSdGNUbHJWbkp2T1RseFJrOTZORzk1ZW5oUGVFbG9kRGNLYzA5MU5YRk5NV0ZwVG5OblZqaHdjVXRvTjNWamRqRnJOa0V3VVVacWVIaGFjbTV6ZVdvcldsZ3pPV1F5Vm10Q2RYbFViVmREU2tKNmJHMTVhM3B1YkFwT1pVSkVhVmRFU1hodlRqSkROalZIWVRSaVJ6ZGtTbUZMUzJwa2RURnBUekZFV2xCTWFIVTFlVTlqVGt4NFYwTTBjRXh1ZGxKc2FFNXFhVlYzUkVkRUNqQjJSR2xCT0c1SGFrWmhUMmRGZDJzM1QxWnJha0ZoZW0xa2RVaEZNbFo2WjJSVGJYRTNiVkZoU3pSaFExRmFaa2hUUTFwblJIUnZNVEJhWTJwSE1WQUtUemdyZVhGQ1ZGa3JhWEJvZVZoTlMzTlZSa3MyTm5rM01sSnNRWGwzV0ZaTlpVNUNNSEIyTjBaMGMydGtaMFpYVVZwbldEazBORFkyUlVkck5FVnNSQXAyV1M5aGFtVlJPV3B3ZFRCT2VVTlRUMUJ4ZWtoVlVXZFZOVE5aZDJnM1JEWjJZbWxoV0hka1kyc3ZTVzlOVFZWMVdrVnFSbGRuY21KT1p6MEtMUzB0TFMxRlRrUWdRMFZTVkVsR1NVTkJWRVV0TFMwdExRbz0nICd0ZXJyYWZvcm0tZWtzLWRlbW8nDQo=",
            "vpc_classic_link_id": "",
            "vpc_classic_link_security_groups": null
          },
          "sensitive_attributes": [],
          "private": "bnVsbA==",
          "dependencies": [
            "aws_eks_cluster.demo",
            "aws_iam_instance_profile.demo-node",
            "aws_iam_role.demo-cluster",
            "aws_iam_role.demo-node",
            "aws_iam_role_policy_attachment.demo-cluster-AmazonEKSClusterPolicy",
            "aws_iam_role_policy_attachment.demo-cluster-AmazonEKSVPCResourceController",
            "aws_security_group.demo-cluster",
            "aws_security_group.demo-node",
            "aws_subnet.demo",
            "aws_vpc.demo",
            "data.aws_ami.eks-worker",
            "data.aws_availability_zones.available"
          ],
          "create_before_destroy": true
        }
      ]
    },
    {
      "mode": "managed",
      "type": "aws_route_table",
      "name": "demo",
      "provider": "provider[\"registry.terraform.io/hashicorp/aws\"]",
      "instances": [
        {
          "schema_version": 0,
          "attributes": {
            "id": "rtb-033b15d09f06e9a97",
            "owner_id": "412092862769",
            "propagating_vgws": [],
            "route": [
              {
                "cidr_block": "0.0.0.0/0",
                "egress_only_gateway_id": "",
                "gateway_id": "igw-05be889888911be3a",
                "instance_id": "",
                "ipv6_cidr_block": "",
                "local_gateway_id": "",
                "nat_gateway_id": "",
                "network_interface_id": "",
                "transit_gateway_id": "",
                "vpc_endpoint_id": "",
                "vpc_peering_connection_id": ""
              }
            ],
            "tags": null,
            "vpc_id": "vpc-09e8d3c88f7fd7a59"
          },
          "sensitive_attributes": [],
          "private": "bnVsbA==",
          "dependencies": [
            "aws_internet_gateway.demo",
            "aws_vpc.demo"
          ]
        }
      ]
    },
    {
      "mode": "managed",
      "type": "aws_route_table_association",
      "name": "demo",
      "provider": "provider[\"registry.terraform.io/hashicorp/aws\"]",
      "instances": [
        {
          "index_key": 0,
          "schema_version": 0,
          "attributes": {
            "gateway_id": null,
            "id": "rtbassoc-0ee7705329fafc7ef",
            "route_table_id": "rtb-033b15d09f06e9a97",
            "subnet_id": "subnet-015a5d0c0ccef6265"
          },
          "sensitive_attributes": [],
          "private": "bnVsbA==",
          "dependencies": [
            "aws_internet_gateway.demo",
            "aws_route_table.demo",
            "aws_subnet.demo",
            "aws_vpc.demo",
            "data.aws_availability_zones.available"
          ]
        },
        {
          "index_key": 1,
          "schema_version": 0,
          "attributes": {
            "gateway_id": null,
            "id": "rtbassoc-090f3beb07305f61e",
            "route_table_id": "rtb-033b15d09f06e9a97",
            "subnet_id": "subnet-03ef634c78cbe3ab8"
          },
          "sensitive_attributes": [],
          "private": "bnVsbA==",
          "dependencies": [
            "aws_internet_gateway.demo",
            "aws_route_table.demo",
            "aws_subnet.demo",
            "aws_vpc.demo",
            "data.aws_availability_zones.available"
          ]
        }
      ]
    },
    {
      "mode": "managed",
      "type": "aws_security_group",
      "name": "demo-cluster",
      "provider": "provider[\"registry.terraform.io/hashicorp/aws\"]",
      "instances": [
        {
          "schema_version": 1,
          "attributes": {
            "arn": "arn:aws:ec2:eu-west-2:412092862769:security-group/sg-0ec2923b659988583",
            "description": "Cluster communication with worker nodes",
            "egress": [
              {
                "cidr_blocks": [
                  "0.0.0.0/0"
                ],
                "description": "",
                "from_port": 0,
                "ipv6_cidr_blocks": [],
                "prefix_list_ids": [],
                "protocol": "-1",
                "security_groups": [],
                "self": false,
                "to_port": 0
              }
            ],
            "id": "sg-0ec2923b659988583",
            "ingress": [],
            "name": "terraform-eks-demo-cluster",
            "name_prefix": "",
            "owner_id": "412092862769",
            "revoke_rules_on_delete": false,
            "tags": {
              "Name": "terraform-eks-demo"
            },
            "timeouts": null,
            "vpc_id": "vpc-09e8d3c88f7fd7a59"
          },
          "sensitive_attributes": [],
          "private": "eyJlMmJmYjczMC1lY2FhLTExZTYtOGY4OC0zNDM2M2JjN2M0YzAiOnsiY3JlYXRlIjo2MDAwMDAwMDAwMDAsImRlbGV0ZSI6NjAwMDAwMDAwMDAwfSwic2NoZW1hX3ZlcnNpb24iOiIxIn0=",
          "dependencies": [
            "aws_vpc.demo"
          ],
          "create_before_destroy": true
        }
      ]
    },
    {
      "mode": "managed",
      "type": "aws_security_group",
      "name": "demo-node",
      "provider": "provider[\"registry.terraform.io/hashicorp/aws\"]",
      "instances": [
        {
          "schema_version": 1,
          "attributes": {
            "arn": "arn:aws:ec2:eu-west-2:412092862769:security-group/sg-006c65a17652ad787",
            "description": "Security group for all nodes in the cluster",
            "egress": [
              {
                "cidr_blocks": [
                  "0.0.0.0/0"
                ],
                "description": "",
                "from_port": 0,
                "ipv6_cidr_blocks": [],
                "prefix_list_ids": [],
                "protocol": "-1",
                "security_groups": [],
                "self": false,
                "to_port": 0
              }
            ],
            "id": "sg-006c65a17652ad787",
            "ingress": [],
            "name": "terraform-eks-demo-node",
            "name_prefix": "",
            "owner_id": "412092862769",
            "revoke_rules_on_delete": false,
            "tags": {
              "Name": "terraform-eks-demo-node",
              "kubernetes.io/cluster/terraform-eks-demo": "owned"
            },
            "timeouts": null,
            "vpc_id": "vpc-09e8d3c88f7fd7a59"
          },
          "sensitive_attributes": [],
          "private": "eyJlMmJmYjczMC1lY2FhLTExZTYtOGY4OC0zNDM2M2JjN2M0YzAiOnsiY3JlYXRlIjo2MDAwMDAwMDAwMDAsImRlbGV0ZSI6NjAwMDAwMDAwMDAwfSwic2NoZW1hX3ZlcnNpb24iOiIxIn0=",
          "dependencies": [
            "aws_vpc.demo"
          ],
          "create_before_destroy": true
        }
      ]
    },
    {
      "mode": "managed",
      "type": "aws_security_group_rule",
      "name": "demo-cluster-ingress-node-https",
      "provider": "provider[\"registry.terraform.io/hashicorp/aws\"]",
      "instances": [
        {
          "schema_version": 2,
          "attributes": {
            "cidr_blocks": null,
            "description": "Allow pods to communicate with the cluster API Server",
            "from_port": 443,
            "id": "sgrule-3142507495",
            "ipv6_cidr_blocks": null,
            "prefix_list_ids": null,
            "protocol": "tcp",
            "security_group_id": "sg-0ec2923b659988583",
            "self": false,
            "source_security_group_id": "sg-006c65a17652ad787",
            "to_port": 443,
            "type": "ingress"
          },
          "sensitive_attributes": [],
          "private": "eyJzY2hlbWFfdmVyc2lvbiI6IjIifQ==",
          "dependencies": [
            "aws_security_group.demo-cluster",
            "aws_security_group.demo-node",
            "aws_vpc.demo"
          ]
        }
      ]
    },
    {
      "mode": "managed",
      "type": "aws_security_group_rule",
      "name": "demo-cluster-ingress-workstation-https",
      "provider": "provider[\"registry.terraform.io/hashicorp/aws\"]",
      "instances": [
        {
          "schema_version": 2,
          "attributes": {
            "cidr_blocks": [
              "194.44.36.148/32"
            ],
            "description": "Allow workstation to communicate with the cluster API Server",
            "from_port": 443,
            "id": "sgrule-2948646790",
            "ipv6_cidr_blocks": null,
            "prefix_list_ids": null,
            "protocol": "tcp",
            "security_group_id": "sg-0ec2923b659988583",
            "self": false,
            "source_security_group_id": null,
            "to_port": 443,
            "type": "ingress"
          },
          "sensitive_attributes": [],
          "private": "eyJzY2hlbWFfdmVyc2lvbiI6IjIifQ==",
          "dependencies": [
            "aws_security_group.demo-cluster",
            "aws_vpc.demo",
            "data.http.workstation-external-ip"
          ]
        }
      ]
    },
    {
      "mode": "managed",
      "type": "aws_security_group_rule",
      "name": "demo-node-ingress-cluster-https",
      "provider": "provider[\"registry.terraform.io/hashicorp/aws\"]",
      "instances": [
        {
          "schema_version": 2,
          "attributes": {
            "cidr_blocks": null,
            "description": "Allow worker Kubelets and pods to receive communication from the cluster control plane",
            "from_port": 443,
            "id": "sgrule-898344571",
            "ipv6_cidr_blocks": null,
            "prefix_list_ids": null,
            "protocol": "tcp",
            "security_group_id": "sg-006c65a17652ad787",
            "self": false,
            "source_security_group_id": "sg-0ec2923b659988583",
            "to_port": 443,
            "type": "ingress"
          },
          "sensitive_attributes": [],
          "private": "eyJzY2hlbWFfdmVyc2lvbiI6IjIifQ==",
          "dependencies": [
            "aws_security_group.demo-cluster",
            "aws_security_group.demo-node",
            "aws_vpc.demo"
          ]
        }
      ]
    },
    {
      "mode": "managed",
      "type": "aws_security_group_rule",
      "name": "demo-node-ingress-cluster-others",
      "provider": "provider[\"registry.terraform.io/hashicorp/aws\"]",
      "instances": [
        {
          "schema_version": 2,
          "attributes": {
            "cidr_blocks": null,
            "description": "Allow worker Kubelets and pods to receive communication from the cluster control plane",
            "from_port": 1025,
            "id": "sgrule-3734718252",
            "ipv6_cidr_blocks": null,
            "prefix_list_ids": null,
            "protocol": "tcp",
            "security_group_id": "sg-006c65a17652ad787",
            "self": false,
            "source_security_group_id": "sg-0ec2923b659988583",
            "to_port": 65535,
            "type": "ingress"
          },
          "sensitive_attributes": [],
          "private": "eyJzY2hlbWFfdmVyc2lvbiI6IjIifQ==",
          "dependencies": [
            "aws_security_group.demo-cluster",
            "aws_security_group.demo-node",
            "aws_vpc.demo"
          ]
        }
      ]
    },
    {
      "mode": "managed",
      "type": "aws_security_group_rule",
      "name": "demo-node-ingress-self",
      "provider": "provider[\"registry.terraform.io/hashicorp/aws\"]",
      "instances": [
        {
          "schema_version": 2,
          "attributes": {
            "cidr_blocks": null,
            "description": "Allow node to communicate with each other",
            "from_port": 0,
            "id": "sgrule-3391889228",
            "ipv6_cidr_blocks": null,
            "prefix_list_ids": null,
            "protocol": "-1",
            "security_group_id": "sg-006c65a17652ad787",
            "self": false,
            "source_security_group_id": "sg-006c65a17652ad787",
            "to_port": 65535,
            "type": "ingress"
          },
          "sensitive_attributes": [],
          "private": "eyJzY2hlbWFfdmVyc2lvbiI6IjIifQ==",
          "dependencies": [
            "aws_security_group.demo-node",
            "aws_vpc.demo"
          ]
        }
      ]
    },
    {
      "mode": "managed",
      "type": "aws_subnet",
      "name": "demo",
      "provider": "provider[\"registry.terraform.io/hashicorp/aws\"]",
      "instances": [
        {
          "index_key": 0,
          "schema_version": 1,
          "attributes": {
            "arn": "arn:aws:ec2:eu-west-2:412092862769:subnet/subnet-015a5d0c0ccef6265",
            "assign_ipv6_address_on_creation": false,
            "availability_zone": "eu-west-2a",
            "availability_zone_id": "euw2-az2",
            "cidr_block": "10.0.0.0/24",
            "customer_owned_ipv4_pool": "",
            "id": "subnet-015a5d0c0ccef6265",
            "ipv6_cidr_block": "",
            "ipv6_cidr_block_association_id": "",
            "map_customer_owned_ip_on_launch": false,
            "map_public_ip_on_launch": true,
            "outpost_arn": "",
            "owner_id": "412092862769",
            "tags": {
              "Name": "terraform-eks-demo-node",
              "kubernetes.io/cluster/terraform-eks-demo": "shared"
            },
            "tags_all": {
              "Name": "terraform-eks-demo-node",
              "kubernetes.io/cluster/terraform-eks-demo": "shared"
            },
            "timeouts": null,
            "vpc_id": "vpc-09e8d3c88f7fd7a59"
          },
          "sensitive_attributes": [],
          "private": "eyJlMmJmYjczMC1lY2FhLTExZTYtOGY4OC0zNDM2M2JjN2M0YzAiOnsiY3JlYXRlIjo2MDAwMDAwMDAwMDAsImRlbGV0ZSI6MTIwMDAwMDAwMDAwMH0sInNjaGVtYV92ZXJzaW9uIjoiMSJ9",
          "dependencies": [
            "aws_vpc.demo",
            "data.aws_availability_zones.available"
          ],
          "create_before_destroy": true
        },
        {
          "index_key": 1,
          "schema_version": 1,
          "attributes": {
            "arn": "arn:aws:ec2:eu-west-2:412092862769:subnet/subnet-03ef634c78cbe3ab8",
            "assign_ipv6_address_on_creation": false,
            "availability_zone": "eu-west-2b",
            "availability_zone_id": "euw2-az3",
            "cidr_block": "10.0.1.0/24",
            "customer_owned_ipv4_pool": "",
            "id": "subnet-03ef634c78cbe3ab8",
            "ipv6_cidr_block": "",
            "ipv6_cidr_block_association_id": "",
            "map_customer_owned_ip_on_launch": false,
            "map_public_ip_on_launch": true,
            "outpost_arn": "",
            "owner_id": "412092862769",
            "tags": {
              "Name": "terraform-eks-demo-node",
              "kubernetes.io/cluster/terraform-eks-demo": "shared"
            },
            "tags_all": {
              "Name": "terraform-eks-demo-node",
              "kubernetes.io/cluster/terraform-eks-demo": "shared"
            },
            "timeouts": null,
            "vpc_id": "vpc-09e8d3c88f7fd7a59"
          },
          "sensitive_attributes": [],
          "private": "eyJlMmJmYjczMC1lY2FhLTExZTYtOGY4OC0zNDM2M2JjN2M0YzAiOnsiY3JlYXRlIjo2MDAwMDAwMDAwMDAsImRlbGV0ZSI6MTIwMDAwMDAwMDAwMH0sInNjaGVtYV92ZXJzaW9uIjoiMSJ9",
          "dependencies": [
            "aws_vpc.demo",
            "data.aws_availability_zones.available"
          ],
          "create_before_destroy": true
        }
      ]
    },
    {
      "mode": "managed",
      "type": "aws_vpc",
      "name": "demo",
      "provider": "provider[\"registry.terraform.io/hashicorp/aws\"]",
      "instances": [
        {
          "schema_version": 1,
          "attributes": {
            "arn": "arn:aws:ec2:eu-west-2:412092862769:vpc/vpc-09e8d3c88f7fd7a59",
            "assign_generated_ipv6_cidr_block": false,
            "cidr_block": "10.0.0.0/16",
            "default_network_acl_id": "acl-05c5478b720d41da6",
            "default_route_table_id": "rtb-0f942fd7e21cb7466",
            "default_security_group_id": "sg-0d157914f3d74d76a",
            "dhcp_options_id": "dopt-a85d62c0",
            "enable_classiclink": null,
            "enable_classiclink_dns_support": null,
            "enable_dns_hostnames": false,
            "enable_dns_support": true,
            "id": "vpc-09e8d3c88f7fd7a59",
            "instance_tenancy": "default",
            "ipv6_association_id": "",
            "ipv6_cidr_block": "",
            "main_route_table_id": "rtb-0f942fd7e21cb7466",
            "owner_id": "412092862769",
            "tags": {
              "Name": "terraform-eks-demo-node",
              "kubernetes.io/cluster/terraform-eks-demo": "shared"
            },
            "tags_all": {
              "Name": "terraform-eks-demo-node",
              "kubernetes.io/cluster/terraform-eks-demo": "shared"
            }
          },
          "sensitive_attributes": [],
          "private": "eyJzY2hlbWFfdmVyc2lvbiI6IjEifQ==",
          "create_before_destroy": true
        }
      ]
    }
  ]
}
